version = 1
revision = 3
requires-python = "==3.10.12"
resolution-markers = [
    "sys_platform == 'linux'",
]
supported-markers = [
    "sys_platform == 'linux'",
]

[[package]]
name = "aimrl-sdk"
version = "0.2.0"
source = { editable = "." }
dependencies = [
    { name = "catkin-pkg", marker = "sys_platform == 'linux'" },
    { name = "empy", marker = "sys_platform == 'linux'" },
    { name = "lark", marker = "sys_platform == 'linux'" },
    { name = "loguru", marker = "sys_platform == 'linux'" },
    { name = "numpy", marker = "sys_platform == 'linux'" },
    { name = "omegaconf", marker = "sys_platform == 'linux'" },
    { name = "onnxruntime", marker = "sys_platform == 'linux'" },
    { name = "pyparsing", marker = "sys_platform == 'linux'" },
    { name = "pyyaml", marker = "sys_platform == 'linux'" },
]

[package.optional-dependencies]
stubs = [
    { name = "pybind11-stubgen", marker = "sys_platform == 'linux'" },
]
telemetry = [
    { name = "foxglove-websocket", marker = "sys_platform == 'linux'" },
    { name = "mcap", marker = "sys_platform == 'linux'" },
]

[package.dev-dependencies]
dev = [
    { name = "autopep8", marker = "sys_platform == 'linux'" },
    { name = "cmake-format", marker = "sys_platform == 'linux'" },
]

[package.metadata]
requires-dist = [
    { name = "catkin-pkg", specifier = ">=0.5.2" },
    { name = "empy", specifier = "==3.3.4" },
    { name = "foxglove-websocket", marker = "extra == 'telemetry'", specifier = ">=0.1.4" },
    { name = "lark", specifier = ">=1.1.5" },
    { name = "loguru", specifier = ">=0.7.0" },
    { name = "mcap", marker = "extra == 'telemetry'", specifier = ">=1.3.1" },
    { name = "numpy", specifier = ">=1.21" },
    { name = "omegaconf", specifier = ">=2.3.0" },
    { name = "onnxruntime", specifier = ">=1.23.2" },
    { name = "pybind11-stubgen", marker = "extra == 'stubs'", specifier = ">=2.5.5" },
    { name = "pyparsing" },
    { name = "pyyaml", specifier = ">=6.0.3" },
]
provides-extras = ["stubs", "telemetry"]

[package.metadata.requires-dev]
dev = [
    { name = "autopep8", specifier = ">=2.3.2" },
    { name = "cmake-format", specifier = ">=0.6.13" },
]

[[package]]
name = "antlr4-python3-runtime"
version = "4.9.3"
source = { registry = "https://pypi.org/simple" }
sdist = { url = "https://files.pythonhosted.org/packages/3e/38/7859ff46355f76f8d19459005ca000b6e7012f2f1ca597746cbcd1fbfe5e/antlr4-python3-runtime-4.9.3.tar.gz", hash = "sha256:f224469b4168294902bb1efa80a8bf7855f24c99aef99cbefc1bcd3cce77881b", size = 117034, upload-time = "2021-11-06T17:52:23.524Z" }

[[package]]
name = "autopep8"
version = "2.3.2"
source = { registry = "https://pypi.org/simple" }
dependencies = [
    { name = "pycodestyle", marker = "sys_platform == 'linux'" },
    { name = "tomli", marker = "sys_platform == 'linux'" },
]
sdist = { url = "https://files.pythonhosted.org/packages/50/d8/30873d2b7b57dee9263e53d142da044c4600a46f2d28374b3e38b023df16/autopep8-2.3.2.tar.gz", hash = "sha256:89440a4f969197b69a995e4ce0661b031f455a9f776d2c5ba3dbd83466931758", size = 92210, upload-time = "2025-01-14T14:46:18.454Z" }
wheels = [
    { url = "https://files.pythonhosted.org/packages/9e/43/53afb8ba17218f19b77c7834128566c5bbb100a0ad9ba2e8e89d089d7079/autopep8-2.3.2-py2.py3-none-any.whl", hash = "sha256:ce8ad498672c845a0c3de2629c15b635ec2b05ef8177a6e7c91c74f3e9b51128", size = 45807, upload-time = "2025-01-14T14:46:15.466Z" },
]

[[package]]
name = "catkin-pkg"
version = "1.1.0"
source = { registry = "https://pypi.org/simple" }
dependencies = [
    { name = "docutils", marker = "sys_platform == 'linux'" },
    { name = "packaging", marker = "sys_platform == 'linux'" },
    { name = "pyparsing", marker = "sys_platform == 'linux'" },
    { name = "python-dateutil", marker = "sys_platform == 'linux'" },
    { name = "setuptools", marker = "sys_platform == 'linux'" },
]
sdist = { url = "https://files.pythonhosted.org/packages/1c/7a/dcd7ba56dc82d88b3059a6770828388fc2e136ca4c5d79003f9febf33087/catkin_pkg-1.1.0.tar.gz", hash = "sha256:df1cb6879a3a772e770a100a6613ce8fc508b4855e5b2790106ddad4a8beb43c", size = 65547, upload-time = "2025-09-10T17:34:36.911Z" }
wheels = [
    { url = "https://files.pythonhosted.org/packages/99/1b/50316bd6f95c50686b35799abebb6168d90ee18b7c03e3065f587f010f7c/catkin_pkg-1.1.0-py3-none-any.whl", hash = "sha256:7f5486b4f5681b5f043316ce10fc638c8d0ba8127146e797c85f4024e4356027", size = 76369, upload-time = "2025-09-10T17:34:35.639Z" },
]

[[package]]
name = "cmake-format"
version = "0.6.13"
source = { registry = "https://pypi.org/simple" }
dependencies = [
    { name = "cmakelang", marker = "sys_platform == 'linux'" },
]
sdist = { url = "https://files.pythonhosted.org/packages/5d/3e/f1a7388ce2528b69fbfce9691e5c97f1b2b2b83c25711e0627c3e8f99e58/cmake-format-0.6.13.tar.gz", hash = "sha256:1a48b779067ecca68c498691d07d5c9d3df9803a7e0c5b641128fa6efe5ae489", size = 10484, upload-time = "2020-08-19T17:15:26.286Z" }
wheels = [
    { url = "https://files.pythonhosted.org/packages/4a/40/0ca7c62dc4b9af58ca32da8e6d87ee222f5bb551c17ef22900b2f81b998e/cmake_format-0.6.13-py3-none-any.whl", hash = "sha256:ec7ed949101e5f0b7bc19317d122b83ccbc28fd766c41c93094845719667c56e", size = 19725, upload-time = "2020-08-19T17:15:24.23Z" },
]

[[package]]
name = "cmakelang"
version = "0.6.13"
source = { registry = "https://pypi.org/simple" }
dependencies = [
    { name = "six", marker = "sys_platform == 'linux'" },
]
sdist = { url = "https://files.pythonhosted.org/packages/74/c0/75d4806cf21dcb4198e9fba02f4d2fa61c8db919b7db788862d9cd5f4433/cmakelang-0.6.13.tar.gz", hash = "sha256:03982e87b00654d024d73ef972d9d9bb0e5726cdb6b8a424a15661fb6278e67f", size = 123111, upload-time = "2020-08-19T17:15:25.44Z" }
wheels = [
    { url = "https://files.pythonhosted.org/packages/86/a8/c4676cac062d133c6b909d7def80a3194162597968953a3291b309878721/cmakelang-0.6.13-py3-none-any.whl", hash = "sha256:764b9467195c7c36453d60a829f30229720d26c7dffd41cb516b99bd9c7daf4e", size = 159803, upload-time = "2020-08-19T17:15:23.981Z" },
]

[[package]]
name = "coloredlogs"
version = "15.0.1"
source = { registry = "https://pypi.org/simple" }
dependencies = [
    { name = "humanfriendly", marker = "sys_platform == 'linux'" },
]
sdist = { url = "https://files.pythonhosted.org/packages/cc/c7/eed8f27100517e8c0e6b923d5f0845d0cb99763da6fdee00478f91db7325/coloredlogs-15.0.1.tar.gz", hash = "sha256:7c991aa71a4577af2f82600d8f8f3a89f936baeaf9b50a9c197da014e5bf16b0", size = 278520, upload-time = "2021-06-11T10:22:45.202Z" }
wheels = [
    { url = "https://files.pythonhosted.org/packages/a7/06/3d6badcf13db419e25b07041d9c7b4a2c331d3f4e7134445ec5df57714cd/coloredlogs-15.0.1-py2.py3-none-any.whl", hash = "sha256:612ee75c546f53e92e70049c9dbfcc18c935a2b9a53b66085ce9ef6a6e5c0934", size = 46018, upload-time = "2021-06-11T10:22:42.561Z" },
]

[[package]]
name = "docutils"
version = "0.22.4"
source = { registry = "https://pypi.org/simple" }
sdist = { url = "https://files.pythonhosted.org/packages/ae/b6/03bb70946330e88ffec97aefd3ea75ba575cb2e762061e0e62a213befee8/docutils-0.22.4.tar.gz", hash = "sha256:4db53b1fde9abecbb74d91230d32ab626d94f6badfc575d6db9194a49df29968", size = 2291750, upload-time = "2025-12-18T19:00:26.443Z" }
wheels = [
    { url = "https://files.pythonhosted.org/packages/02/10/5da547df7a391dcde17f59520a231527b8571e6f46fc8efb02ccb370ab12/docutils-0.22.4-py3-none-any.whl", hash = "sha256:d0013f540772d1420576855455d050a2180186c91c15779301ac2ccb3eeb68de", size = 633196, upload-time = "2025-12-18T19:00:18.077Z" },
]

[[package]]
name = "empy"
version = "3.3.4"
source = { registry = "https://pypi.org/simple" }
sdist = { url = "https://files.pythonhosted.org/packages/3b/95/88ed47cb7da88569a78b7d6fb9420298df7e99997810c844a924d96d3c08/empy-3.3.4.tar.gz", hash = "sha256:73ac49785b601479df4ea18a7c79bc1304a8a7c34c02b9472cf1206ae88f01b3", size = 62857, upload-time = "2019-03-21T20:22:03.951Z" }

[[package]]
name = "flatbuffers"
version = "25.12.19"
source = { registry = "https://pypi.org/simple" }
wheels = [
    { url = "https://files.pythonhosted.org/packages/e8/2d/d2a548598be01649e2d46231d151a6c56d10b964d94043a335ae56ea2d92/flatbuffers-25.12.19-py2.py3-none-any.whl", hash = "sha256:7634f50c427838bb021c2d66a3d1168e9d199b0607e6329399f04846d42e20b4", size = 26661, upload-time = "2025-12-19T23:16:13.622Z" },
]

[[package]]
name = "foxglove-websocket"
version = "0.1.4"
source = { registry = "https://pypi.org/simple" }
dependencies = [
    { name = "websockets", marker = "sys_platform == 'linux'" },
]
sdist = { url = "https://files.pythonhosted.org/packages/db/b5/df32ac550eb0df9000ed78d872eb19738edecfd88f47fe08588d5066f317/foxglove_websocket-0.1.4.tar.gz", hash = "sha256:2ec8936982e478d103dd90268a572599fc0cce45a4ab95490d5bc31f7c8a8af8", size = 16616, upload-time = "2025-07-14T20:26:28.278Z" }
wheels = [
    { url = "https://files.pythonhosted.org/packages/c4/73/3a3e6cb864ddf98800a9236ad497d32e5b50eb1682ac659f7d669d92faec/foxglove_websocket-0.1.4-py3-none-any.whl", hash = "sha256:772e24e2c98bdfc704df53f7177c8ff5bab0abc4dac59a91463aca16debdd83a", size = 14392, upload-time = "2025-07-14T20:26:26.899Z" },
]

[[package]]
name = "humanfriendly"
version = "10.0"
source = { registry = "https://pypi.org/simple" }
sdist = { url = "https://files.pythonhosted.org/packages/cc/3f/2c29224acb2e2df4d2046e4c73ee2662023c58ff5b113c4c1adac0886c43/humanfriendly-10.0.tar.gz", hash = "sha256:6b0b831ce8f15f7300721aa49829fc4e83921a9a301cc7f606be6686a2288ddc", size = 360702, upload-time = "2021-09-17T21:40:43.31Z" }
wheels = [
    { url = "https://files.pythonhosted.org/packages/f0/0f/310fb31e39e2d734ccaa2c0fb981ee41f7bd5056ce9bc29b2248bd569169/humanfriendly-10.0-py2.py3-none-any.whl", hash = "sha256:1697e1a8a8f550fd43c2865cd84542fc175a61dcb779b6fee18cf6b6ccba1477", size = 86794, upload-time = "2021-09-17T21:40:39.897Z" },
]

[[package]]
name = "lark"
version = "1.3.1"
source = { registry = "https://pypi.org/simple" }
sdist = { url = "https://files.pythonhosted.org/packages/da/34/28fff3ab31ccff1fd4f6c7c7b0ceb2b6968d8ea4950663eadcb5720591a0/lark-1.3.1.tar.gz", hash = "sha256:b426a7a6d6d53189d318f2b6236ab5d6429eaf09259f1ca33eb716eed10d2905", size = 382732, upload-time = "2025-10-27T18:25:56.653Z" }
wheels = [
    { url = "https://files.pythonhosted.org/packages/82/3d/14ce75ef66813643812f3093ab17e46d3a206942ce7376d31ec2d36229e7/lark-1.3.1-py3-none-any.whl", hash = "sha256:c629b661023a014c37da873b4ff58a817398d12635d3bbb2c5a03be7fe5d1e12", size = 113151, upload-time = "2025-10-27T18:25:54.882Z" },
]

[[package]]
name = "loguru"
version = "0.7.3"
source = { registry = "https://pypi.org/simple" }
sdist = { url = "https://files.pythonhosted.org/packages/3a/05/a1dae3dffd1116099471c643b8924f5aa6524411dc6c63fdae648c4f1aca/loguru-0.7.3.tar.gz", hash = "sha256:19480589e77d47b8d85b2c827ad95d49bf31b0dcde16593892eb51dd18706eb6", size = 63559, upload-time = "2024-12-06T11:20:56.608Z" }
wheels = [
    { url = "https://files.pythonhosted.org/packages/0c/29/0348de65b8cc732daa3e33e67806420b2ae89bdce2b04af740289c5c6c8c/loguru-0.7.3-py3-none-any.whl", hash = "sha256:31a33c10c8e1e10422bfd431aeb5d351c7cf7fa671e3c4df004162264b28220c", size = 61595, upload-time = "2024-12-06T11:20:54.538Z" },
]

[[package]]
name = "lz4"
version = "4.4.5"
source = { registry = "https://pypi.org/simple" }
sdist = { url = "https://files.pythonhosted.org/packages/57/51/f1b86d93029f418033dddf9b9f79c8d2641e7454080478ee2aab5123173e/lz4-4.4.5.tar.gz", hash = "sha256:5f0b9e53c1e82e88c10d7c180069363980136b9d7a8306c4dca4f760d60c39f0", size = 172886, upload-time = "2025-11-03T13:02:36.061Z" }
wheels = [
    { url = "https://files.pythonhosted.org/packages/b8/0e/0fb54f84fd1890d4af5bc0a3c1fa69678451c1a6bd40de26ec0561bb4ec5/lz4-4.4.5-cp310-cp310-manylinux1_i686.manylinux_2_28_i686.manylinux_2_5_i686.whl", hash = "sha256:e928ec2d84dc8d13285b4a9288fd6246c5cde4f5f935b479f50d986911f085e3", size = 1291053, upload-time = "2025-11-03T13:01:28.396Z" },
    { url = "https://files.pythonhosted.org/packages/15/45/8ce01cc2715a19c9e72b0e423262072c17d581a8da56e0bd4550f3d76a79/lz4-4.4.5-cp310-cp310-manylinux2014_aarch64.manylinux_2_17_aarch64.manylinux_2_28_aarch64.whl", hash = "sha256:daffa4807ef54b927451208f5f85750c545a4abbff03d740835fc444cd97f758", size = 1278586, upload-time = "2025-11-03T13:01:29.906Z" },
    { url = "https://files.pythonhosted.org/packages/6d/34/7be9b09015e18510a09b8d76c304d505a7cbc66b775ec0b8f61442316818/lz4-4.4.5-cp310-cp310-manylinux2014_x86_64.manylinux_2_17_x86_64.manylinux_2_28_x86_64.whl", hash = "sha256:2a2b7504d2dffed3fd19d4085fe1cc30cf221263fd01030819bdd8d2bb101cf1", size = 1367315, upload-time = "2025-11-03T13:01:31.054Z" },
]

[[package]]
name = "mcap"
version = "1.3.1"
source = { registry = "https://pypi.org/simple" }
dependencies = [
    { name = "lz4", marker = "sys_platform == 'linux'" },
    { name = "zstandard", marker = "sys_platform == 'linux'" },
]
sdist = { url = "https://files.pythonhosted.org/packages/8b/38/8bd73953b9c37dd7a2c590e72ab4fa4682a43864fe1d55f7209f2536fa64/mcap-1.3.1.tar.gz", hash = "sha256:2878879a786021aa7f7f36319276396a778717ccd013b2191fe94d37572d7551", size = 21676, upload-time = "2025-12-24T21:31:35.476Z" }
wheels = [
    { url = "https://files.pythonhosted.org/packages/63/22/dad47e86047344f110a9d589d90de49d9c54db7a7ea4f0ef91fb3e8e9f3f/mcap-1.3.1-py3-none-any.whl", hash = "sha256:9098685d67288a8087166504cf4adf617cfa8639bb60e936af113f62c11c293f", size = 20678, upload-time = "2025-12-24T21:31:33.959Z" },
]

[[package]]
name = "mpmath"
version = "1.3.0"
source = { registry = "https://pypi.org/simple" }
sdist = { url = "https://files.pythonhosted.org/packages/e0/47/dd32fa426cc72114383ac549964eecb20ecfd886d1e5ccf5340b55b02f57/mpmath-1.3.0.tar.gz", hash = "sha256:7a28eb2a9774d00c7bc92411c19a89209d5da7c4c9a9e227be8330a23a25b91f", size = 508106, upload-time = "2023-03-07T16:47:11.061Z" }
wheels = [
    { url = "https://files.pythonhosted.org/packages/43/e3/7d92a15f894aa0c9c4b49b8ee9ac9850d6e63b03c9c32c0367a13ae62209/mpmath-1.3.0-py3-none-any.whl", hash = "sha256:a0b2b9fe80bbcd81a6647ff13108738cfb482d481d826cc0e02f5b35e5c88d2c", size = 536198, upload-time = "2023-03-07T16:47:09.197Z" },
]

[[package]]
name = "numpy"
version = "2.2.6"
source = { registry = "https://pypi.org/simple" }
sdist = { url = "https://files.pythonhosted.org/packages/76/21/7d2a95e4bba9dc13d043ee156a356c0a8f0c6309dff6b21b4d71a073b8a8/numpy-2.2.6.tar.gz", hash = "sha256:e29554e2bef54a90aa5cc07da6ce955accb83f21ab5de01a62c8478897b264fd", size = 20276440, upload-time = "2025-05-17T22:38:04.611Z" }
wheels = [
    { url = "https://files.pythonhosted.org/packages/eb/17/96a3acd228cec142fcb8723bd3cc39c2a474f7dcf0a5d16731980bcafa95/numpy-2.2.6-cp310-cp310-manylinux_2_17_aarch64.manylinux2014_aarch64.whl", hash = "sha256:efd28d4e9cd7d7a8d39074a4d44c63eda73401580c5c76acda2ce969e0a38e83", size = 14297320, upload-time = "2025-05-17T21:29:02.78Z" },
    { url = "https://files.pythonhosted.org/packages/b4/63/3de6a34ad7ad6646ac7d2f55ebc6ad439dbbf9c4370017c50cf403fb19b5/numpy-2.2.6-cp310-cp310-manylinux_2_17_x86_64.manylinux2014_x86_64.whl", hash = "sha256:fc7b73d02efb0e18c000e9ad8b83480dfcd5dfd11065997ed4c6747470ae8915", size = 16801050, upload-time = "2025-05-17T21:29:27.675Z" },
    { url = "https://files.pythonhosted.org/packages/07/b6/89d837eddef52b3d0cec5c6ba0456c1bf1b9ef6a6672fc2b7873c3ec4e2e/numpy-2.2.6-cp310-cp310-musllinux_1_2_aarch64.whl", hash = "sha256:74d4531beb257d2c3f4b261bfb0fc09e0f9ebb8842d82a7b4209415896adc680", size = 15807034, upload-time = "2025-05-17T21:29:51.102Z" },
    { url = "https://files.pythonhosted.org/packages/01/c8/dc6ae86e3c61cfec1f178e5c9f7858584049b6093f843bca541f94120920/numpy-2.2.6-cp310-cp310-musllinux_1_2_x86_64.whl", hash = "sha256:8fc377d995680230e83241d8a96def29f204b5782f371c532579b4f20607a289", size = 18614185, upload-time = "2025-05-17T21:30:18.703Z" },
    { url = "https://files.pythonhosted.org/packages/af/30/feba75f143bdc868a1cc3f44ccfa6c4b9ec522b36458e738cd00f67b573f/numpy-2.2.6-pp310-pypy310_pp73-manylinux_2_17_x86_64.manylinux2014_x86_64.whl", hash = "sha256:ce47521a4754c8f4593837384bd3424880629f718d87c5d44f8ed763edd63543", size = 16643476, upload-time = "2025-05-17T21:45:11.871Z" },
]

[[package]]
name = "omegaconf"
version = "2.3.0"
source = { registry = "https://pypi.org/simple" }
dependencies = [
    { name = "antlr4-python3-runtime", marker = "sys_platform == 'linux'" },
    { name = "pyyaml", marker = "sys_platform == 'linux'" },
]
sdist = { url = "https://files.pythonhosted.org/packages/09/48/6388f1bb9da707110532cb70ec4d2822858ddfb44f1cdf1233c20a80ea4b/omegaconf-2.3.0.tar.gz", hash = "sha256:d5d4b6d29955cc50ad50c46dc269bcd92c6e00f5f90d23ab5fee7bfca4ba4cc7", size = 3298120, upload-time = "2022-12-08T20:59:22.753Z" }
wheels = [
    { url = "https://files.pythonhosted.org/packages/e3/94/1843518e420fa3ed6919835845df698c7e27e183cb997394e4a670973a65/omegaconf-2.3.0-py3-none-any.whl", hash = "sha256:7b4df175cdb08ba400f45cae3bdcae7ba8365db4d165fc65fd04b050ab63b46b", size = 79500, upload-time = "2022-12-08T20:59:19.686Z" },
]

[[package]]
name = "onnxruntime"
version = "1.23.2"
source = { registry = "https://pypi.org/simple" }
dependencies = [
    { name = "coloredlogs", marker = "sys_platform == 'linux'" },
    { name = "flatbuffers", marker = "sys_platform == 'linux'" },
    { name = "numpy", marker = "sys_platform == 'linux'" },
    { name = "packaging", marker = "sys_platform == 'linux'" },
    { name = "protobuf", marker = "sys_platform == 'linux'" },
    { name = "sympy", marker = "sys_platform == 'linux'" },
]
wheels = [
    { url = "https://files.pythonhosted.org/packages/2e/4d/a382452b17cf70a2313153c520ea4c96ab670c996cb3a95cc5d5ac7bfdac/onnxruntime-1.23.2-cp310-cp310-manylinux_2_27_aarch64.manylinux_2_28_aarch64.whl", hash = "sha256:8f7d1fe034090a1e371b7f3ca9d3ccae2fabae8c1d8844fb7371d1ea38e8e8d2", size = 15219883, upload-time = "2025-10-22T03:46:21.66Z" },
    { url = "https://files.pythonhosted.org/packages/fb/56/179bf90679984c85b417664c26aae4f427cba7514bd2d65c43b181b7b08b/onnxruntime-1.23.2-cp310-cp310-manylinux_2_27_x86_64.manylinux_2_28_x86_64.whl", hash = "sha256:4ca88747e708e5c67337b0f65eed4b7d0dd70d22ac332038c9fc4635760018f7", size = 17370357, upload-time = "2025-10-22T03:46:57.968Z" },
]

[[package]]
name = "packaging"
version = "26.1"
source = { registry = "https://pypi.org/simple" }
sdist = { url = "https://files.pythonhosted.org/packages/df/de/0d2b39fb4af88a0258f3bac87dfcbb48e73fbdea4a2ed0e2213f9a4c2f9a/packaging-26.1.tar.gz", hash = "sha256:f042152b681c4bfac5cae2742a55e103d27ab2ec0f3d88037136b6bfe7c9c5de", size = 215519, upload-time = "2026-04-14T21:12:49.362Z" }
wheels = [
    { url = "https://files.pythonhosted.org/packages/7a/c2/920ef838e2f0028c8262f16101ec09ebd5969864e5a64c4c05fad0617c56/packaging-26.1-py3-none-any.whl", hash = "sha256:5d9c0669c6285e491e0ced2eee587eaf67b670d94a19e94e3984a481aba6802f", size = 95831, upload-time = "2026-04-14T21:12:47.56Z" },
]

[[package]]
name = "protobuf"
version = "7.34.1"
source = { registry = "https://pypi.org/simple" }
sdist = { url = "https://files.pythonhosted.org/packages/6b/6b/a0e95cad1ad7cc3f2c6821fcab91671bd5b78bd42afb357bb4765f29bc41/protobuf-7.34.1.tar.gz", hash = "sha256:9ce42245e704cc5027be797c1db1eb93184d44d1cdd71811fb2d9b25ad541280", size = 454708, upload-time = "2026-03-20T17:34:47.036Z" }
wheels = [
    { url = "https://files.pythonhosted.org/packages/eb/9d/aa69df2724ff63efa6f72307b483ce0827f4347cc6d6df24b59e26659fef/protobuf-7.34.1-cp310-abi3-manylinux2014_aarch64.whl", hash = "sha256:5185e0e948d07abe94bb76ec9b8416b604cfe5da6f871d67aad30cbf24c3110b", size = 325753, upload-time = "2026-03-20T17:34:38.751Z" },
    { url = "https://files.pythonhosted.org/packages/92/e8/d174c91fd48e50101943f042b09af9029064810b734e4160bbe282fa1caa/protobuf-7.34.1-cp310-abi3-manylinux2014_s390x.whl", hash = "sha256:403b093a6e28a960372b44e5eb081775c9b056e816a8029c61231743d63f881a", size = 340198, upload-time = "2026-03-20T17:34:39.871Z" },
    { url = "https://files.pythonhosted.org/packages/53/1b/3b431694a4dc6d37b9f653f0c64b0a0d9ec074ee810710c0c3da21d67ba7/protobuf-7.34.1-cp310-abi3-manylinux2014_x86_64.whl", hash = "sha256:8ff40ce8cd688f7265326b38d5a1bed9bfdf5e6723d49961432f83e21d5713e4", size = 324267, upload-time = "2026-03-20T17:34:41.1Z" },
    { url = "https://files.pythonhosted.org/packages/88/95/608f665226bca68b736b79e457fded9a2a38c4f4379a4a7614303d9db3bc/protobuf-7.34.1-py3-none-any.whl", hash = "sha256:bb3812cd53aefea2b028ef42bd780f5b96407247f20c6ef7c679807e9d188f11", size = 170715, upload-time = "2026-03-20T17:34:45.384Z" },
]

[[package]]
name = "pybind11-stubgen"
version = "2.5.5"
source = { registry = "https://pypi.org/simple" }
sdist = { url = "https://files.pythonhosted.org/packages/81/81/81900180501a51056572dd01aa852cc2d162478d4676ecebbfaad5cc20d1/pybind11_stubgen-2.5.5.tar.gz", hash = "sha256:758d6d6bbeefc62ad7f78d5e5bbf357ccf6af83cd4504f5f549403f452942708", size = 25031, upload-time = "2025-08-09T01:22:44.403Z" }
wheels = [
    { url = "https://files.pythonhosted.org/packages/4f/e4/4f2d41881fae547f06ffa4c9748fa8ed13c4db5c830ff268b84175546b3c/pybind11_stubgen-2.5.5-py3-none-any.whl", hash = "sha256:10824cd2fc5cbbee032b8fb39e6f6c08de232deb309bc66d786a6c6e8a4601bd", size = 30210, upload-time = "2025-08-09T01:22:43.135Z" },
]

[[package]]
name = "pycodestyle"
version = "2.14.0"
source = { registry = "https://pypi.org/simple" }
sdist = { url = "https://files.pythonhosted.org/packages/11/e0/abfd2a0d2efe47670df87f3e3a0e2edda42f055053c85361f19c0e2c1ca8/pycodestyle-2.14.0.tar.gz", hash = "sha256:c4b5b517d278089ff9d0abdec919cd97262a3367449ea1c8b49b91529167b783", size = 39472, upload-time = "2025-06-20T18:49:48.75Z" }
wheels = [
    { url = "https://files.pythonhosted.org/packages/d7/27/a58ddaf8c588a3ef080db9d0b7e0b97215cee3a45df74f3a94dbbf5c893a/pycodestyle-2.14.0-py2.py3-none-any.whl", hash = "sha256:dd6bf7cb4ee77f8e016f9c8e74a35ddd9f67e1d5fd4184d86c3b98e07099f42d", size = 31594, upload-time = "2025-06-20T18:49:47.491Z" },
]

[[package]]
name = "pyparsing"
version = "3.3.2"
source = { registry = "https://pypi.org/simple" }
sdist = { url = "https://files.pythonhosted.org/packages/f3/91/9c6ee907786a473bf81c5f53cf703ba0957b23ab84c264080fb5a450416f/pyparsing-3.3.2.tar.gz", hash = "sha256:c777f4d763f140633dcb6d8a3eda953bf7a214dc4eff598413c070bcdc117cbc", size = 6851574, upload-time = "2026-01-21T03:57:59.36Z" }
wheels = [
    { url = "https://files.pythonhosted.org/packages/10/bd/c038d7cc38edc1aa5bf91ab8068b63d4308c66c4c8bb3cbba7dfbc049f9c/pyparsing-3.3.2-py3-none-any.whl", hash = "sha256:850ba148bd908d7e2411587e247a1e4f0327839c40e2e5e6d05a007ecc69911d", size = 122781, upload-time = "2026-01-21T03:57:55.912Z" },
]

[[package]]
name = "python-dateutil"
version = "2.9.0.post0"
source = { registry = "https://pypi.org/simple" }
dependencies = [
    { name = "six", marker = "sys_platform == 'linux'" },
]
sdist = { url = "https://files.pythonhosted.org/packages/66/c0/0c8b6ad9f17a802ee498c46e004a0eb49bc148f2fd230864601a86dcf6db/python-dateutil-2.9.0.post0.tar.gz", hash = "sha256:37dd54208da7e1cd875388217d5e00ebd4179249f90fb72437e91a35459a0ad3", size = 342432, upload-time = "2024-03-01T18:36:20.211Z" }
wheels = [
    { url = "https://files.pythonhosted.org/packages/ec/57/56b9bcc3c9c6a792fcbaf139543cee77261f3651ca9da0c93f5c1221264b/python_dateutil-2.9.0.post0-py2.py3-none-any.whl", hash = "sha256:a8b2bc7bffae282281c8140a97d3aa9c14da0b136dfe83f850eea9a5f7470427", size = 229892, upload-time = "2024-03-01T18:36:18.57Z" },
]

[[package]]
name = "pyyaml"
version = "6.0.3"
source = { registry = "https://pypi.org/simple" }
sdist = { url = "https://files.pythonhosted.org/packages/05/8e/961c0007c59b8dd7729d542c61a4d537767a59645b82a0b521206e1e25c2/pyyaml-6.0.3.tar.gz", hash = "sha256:d76623373421df22fb4cf8817020cbb7ef15c725b9d5e45f17e189bfc384190f", size = 130960, upload-time = "2025-09-25T21:33:16.546Z" }
wheels = [
    { url = "https://files.pythonhosted.org/packages/43/f7/0e6a5ae5599c838c696adb4e6330a59f463265bfa1e116cfd1fbb0abaaae/pyyaml-6.0.3-cp310-cp310-manylinux2014_aarch64.manylinux_2_17_aarch64.manylinux_2_28_aarch64.whl", hash = "sha256:b30236e45cf30d2b8e7b3e85881719e98507abed1011bf463a8fa23e9c3e98a8", size = 740646, upload-time = "2025-09-25T21:31:49.21Z" },
    { url = "https://files.pythonhosted.org/packages/2f/3a/61b9db1d28f00f8fd0ae760459a5c4bf1b941baf714e207b6eb0657d2578/pyyaml-6.0.3-cp310-cp310-manylinux2014_s390x.manylinux_2_17_s390x.manylinux_2_28_s390x.whl", hash = "sha256:66291b10affd76d76f54fad28e22e51719ef9ba22b29e1d7d03d6777a9174198", size = 840793, upload-time = "2025-09-25T21:31:50.735Z" },
    { url = "https://files.pythonhosted.org/packages/7a/1e/7acc4f0e74c4b3d9531e24739e0ab832a5edf40e64fbae1a9c01941cabd7/pyyaml-6.0.3-cp310-cp310-manylinux2014_x86_64.manylinux_2_17_x86_64.manylinux_2_28_x86_64.whl", hash = "sha256:9c7708761fccb9397fe64bbc0395abcae8c4bf7b0eac081e12b809bf47700d0b", size = 770293, upload-time = "2025-09-25T21:31:51.828Z" },
    { url = "https://files.pythonhosted.org/packages/8b/ef/abd085f06853af0cd59fa5f913d61a8eab65d7639ff2a658d18a25d6a89d/pyyaml-6.0.3-cp310-cp310-musllinux_1_2_aarch64.whl", hash = "sha256:418cf3f2111bc80e0933b2cd8cd04f286338bb88bdc7bc8e6dd775ebde60b5e0", size = 732872, upload-time = "2025-09-25T21:31:53.282Z" },
    { url = "https://files.pythonhosted.org/packages/1f/15/2bc9c8faf6450a8b3c9fc5448ed869c599c0a74ba2669772b1f3a0040180/pyyaml-6.0.3-cp310-cp310-musllinux_1_2_x86_64.whl", hash = "sha256:5e0b74767e5f8c593e8c9b5912019159ed0533c70051e9cce3e8b6aa699fcd69", size = 758828, upload-time = "2025-09-25T21:31:54.807Z" },
]

[[package]]
name = "setuptools"
version = "82.0.1"
source = { registry = "https://pypi.org/simple" }
sdist = { url = "https://files.pythonhosted.org/packages/4f/db/cfac1baf10650ab4d1c111714410d2fbb77ac5a616db26775db562c8fab2/setuptools-82.0.1.tar.gz", hash = "sha256:7d872682c5d01cfde07da7bccc7b65469d3dca203318515ada1de5eda35efbf9", size = 1152316, upload-time = "2026-03-09T12:47:17.221Z" }
wheels = [
    { url = "https://files.pythonhosted.org/packages/9d/76/f789f7a86709c6b087c5a2f52f911838cad707cc613162401badc665acfe/setuptools-82.0.1-py3-none-any.whl", hash = "sha256:a59e362652f08dcd477c78bb6e7bd9d80a7995bc73ce773050228a348ce2e5bb", size = 1006223, upload-time = "2026-03-09T12:47:15.026Z" },
]

[[package]]
name = "six"
version = "1.17.0"
source = { registry = "https://pypi.org/simple" }
sdist = { url = "https://files.pythonhosted.org/packages/94/e7/b2c673351809dca68a0e064b6af791aa332cf192da575fd474ed7d6f16a2/six-1.17.0.tar.gz", hash = "sha256:ff70335d468e7eb6ec65b95b99d3a2836546063f63acc5171de367e834932a81", size = 34031, upload-time = "2024-12-04T17:35:28.174Z" }
wheels = [
    { url = "https://files.pythonhosted.org/packages/b7/ce/149a00dd41f10bc29e5921b496af8b574d8413afcd5e30dfa0ed46c2cc5e/six-1.17.0-py2.py3-none-any.whl", hash = "sha256:4721f391ed90541fddacab5acf947aa0d3dc7d27b2e1e8eda2be8970586c3274", size = 11050, upload-time = "2024-12-04T17:35:26.475Z" },
]

[[package]]
name = "sympy"
version = "1.14.0"
source = { registry = "https://pypi.org/simple" }
dependencies = [
    { name = "mpmath", marker = "sys_platform == 'linux'" },
]
sdist = { url = "https://files.pythonhosted.org/packages/83/d3/803453b36afefb7c2bb238361cd4ae6125a569b4db67cd9e79846ba2d68c/sympy-1.14.0.tar.gz", hash = "sha256:d3d3fe8df1e5a0b42f0e7bdf50541697dbe7d23746e894990c030e2b05e72517", size = 7793921, upload-time = "2025-04-27T18:05:01.611Z" }
wheels = [
    { url = "https://files.pythonhosted.org/packages/a2/09/77d55d46fd61b4a135c444fc97158ef34a095e5681d0a6c10b75bf356191/sympy-1.14.0-py3-none-any.whl", hash = "sha256:e091cc3e99d2141a0ba2847328f5479b05d94a6635cb96148ccb3f34671bd8f5", size = 6299353, upload-time = "2025-04-27T18:04:59.103Z" },
]

[[package]]
name = "tomli"
version = "2.4.1"
source = { registry = "https://pypi.org/simple" }
sdist = { url = "https://files.pythonhosted.org/packages/22/de/48c59722572767841493b26183a0d1cc411d54fd759c5607c4590b6563a6/tomli-2.4.1.tar.gz", hash = "sha256:7c7e1a961a0b2f2472c1ac5b69affa0ae1132c39adcb67aba98568702b9cc23f", size = 17543, upload-time = "2026-03-25T20:22:03.828Z" }
wheels = [
    { url = "https://files.pythonhosted.org/packages/7b/61/cceae43728b7de99d9b847560c262873a1f6c98202171fd5ed62640b494b/tomli-2.4.1-py3-none-any.whl", hash = "sha256:0d85819802132122da43cb86656f8d1f8c6587d54ae7dcaf30e90533028b49fe", size = 14583, upload-time = "2026-03-25T20:22:03.012Z" },
]

[[package]]
name = "websockets"
version = "16.0"
source = { registry = "https://pypi.org/simple" }
sdist = { url = "https://files.pythonhosted.org/packages/04/24/4b2031d72e840ce4c1ccb255f693b15c334757fc50023e4db9537080b8c4/websockets-16.0.tar.gz", hash = "sha256:5f6261a5e56e8d5c42a4497b364ea24d94d9563e8fbd44e78ac40879c60179b5", size = 179346, upload-time = "2026-01-10T09:23:47.181Z" }
wheels = [
    { url = "https://files.pythonhosted.org/packages/9d/2f/4b3ca7e106bc608744b1cdae041e005e446124bebb037b18799c2d356864/websockets-16.0-cp310-cp310-manylinux1_x86_64.manylinux_2_28_x86_64.manylinux_2_5_x86_64.whl", hash = "sha256:7d837379b647c0c4c2355c2499723f82f1635fd2c26510e1f587d89bc2199e72", size = 183815, upload-time = "2026-01-10T09:22:25.469Z" },
    { url = "https://files.pythonhosted.org/packages/86/26/d40eaa2a46d4302becec8d15b0fc5e45bdde05191e7628405a19cf491ccd/websockets-16.0-cp310-cp310-manylinux2014_aarch64.manylinux_2_17_aarch64.manylinux_2_28_aarch64.whl", hash = "sha256:df57afc692e517a85e65b72e165356ed1df12386ecb879ad5693be08fac65dde", size = 185054, upload-time = "2026-01-10T09:22:27.101Z" },
    { url = "https://files.pythonhosted.org/packages/b0/ba/6500a0efc94f7373ee8fefa8c271acdfd4dca8bd49a90d4be7ccabfc397e/websockets-16.0-cp310-cp310-musllinux_1_2_aarch64.whl", hash = "sha256:2b9f1e0d69bc60a4a87349d50c09a037a2607918746f07de04df9e43252c77a3", size = 184565, upload-time = "2026-01-10T09:22:28.293Z" },
    { url = "https://files.pythonhosted.org/packages/04/b4/96bf2cee7c8d8102389374a2616200574f5f01128d1082f44102140344cc/websockets-16.0-cp310-cp310-musllinux_1_2_x86_64.whl", hash = "sha256:335c23addf3d5e6a8633f9f8eda77efad001671e80b95c491dd0924587ece0b3", size = 183848, upload-time = "2026-01-10T09:22:30.394Z" },
    { url = "https://files.pythonhosted.org/packages/6f/28/258ebab549c2bf3e64d2b0217b973467394a9cea8c42f70418ca2c5d0d2e/websockets-16.0-py3-none-any.whl", hash = "sha256:1637db62fad1dc833276dded54215f2c7fa46912301a24bd94d45d46a011ceec", size = 171598, upload-time = "2026-01-10T09:23:45.395Z" },
]

[[package]]
name = "zstandard"
version = "0.25.0"
source = { registry = "https://pypi.org/simple" }
sdist = { url = "https://files.pythonhosted.org/packages/fd/aa/3e0508d5a5dd96529cdc5a97011299056e14c6505b678fd58938792794b1/zstandard-0.25.0.tar.gz", hash = "sha256:7713e1179d162cf5c7906da876ec2ccb9c3a9dcbdffef0cc7f70c3667a205f0b", size = 711513, upload-time = "2025-09-14T22:15:54.002Z" }
wheels = [
    { url = "https://files.pythonhosted.org/packages/9d/1b/4fdb2c12eb58f31f28c4d28e8dc36611dd7205df8452e63f52fb6261d13e/zstandard-0.25.0-cp310-cp310-manylinux2010_i686.manylinux2014_i686.manylinux_2_12_i686.manylinux_2_17_i686.whl", hash = "sha256:ab85470ab54c2cb96e176f40342d9ed41e58ca5733be6a893b730e7af9c40550", size = 5345306, upload-time = "2025-09-14T22:16:00.165Z" },
    { url = "https://files.pythonhosted.org/packages/73/28/a44bdece01bca027b079f0e00be3b6bd89a4df180071da59a3dd7381665b/zstandard-0.25.0-cp310-cp310-manylinux2014_aarch64.manylinux_2_17_aarch64.whl", hash = "sha256:e05ab82ea7753354bb054b92e2f288afb750e6b439ff6ca78af52939ebbc476d", size = 5055561, upload-time = "2025-09-14T22:16:02.22Z" },
    { url = "https://files.pythonhosted.org/packages/e9/74/68341185a4f32b274e0fc3410d5ad0750497e1acc20bd0f5b5f64ce17785/zstandard-0.25.0-cp310-cp310-manylinux2014_ppc64le.manylinux_2_17_ppc64le.whl", hash = "sha256:78228d8a6a1c177a96b94f7e2e8d012c55f9c760761980da16ae7546a15a8e9b", size = 5402214, upload-time = "2025-09-14T22:16:04.109Z" },
    { url = "https://files.pythonhosted.org/packages/8b/67/f92e64e748fd6aaffe01e2b75a083c0c4fd27abe1c8747fee4555fcee7dd/zstandard-0.25.0-cp310-cp310-manylinux2014_s390x.manylinux_2_17_s390x.whl", hash = "sha256:2b6bd67528ee8b5c5f10255735abc21aa106931f0dbaf297c7be0c886353c3d0", size = 5449703, upload-time = "2025-09-14T22:16:06.312Z" },
    { url = "https://files.pythonhosted.org/packages/fd/e5/6d36f92a197c3c17729a2125e29c169f460538a7d939a27eaaa6dcfcba8e/zstandard-0.25.0-cp310-cp310-manylinux2014_x86_64.manylinux_2_17_x86_64.whl", hash = "sha256:4b6d83057e713ff235a12e73916b6d356e3084fd3d14ced499d84240f3eecee0", size = 5556583, upload-time = "2025-09-14T22:16:08.457Z" },
    { url = "https://files.pythonhosted.org/packages/d7/83/41939e60d8d7ebfe2b747be022d0806953799140a702b90ffe214d557638/zstandard-0.25.0-cp310-cp310-musllinux_1_1_aarch64.whl", hash = "sha256:9174f4ed06f790a6869b41cba05b43eeb9a35f8993c4422ab853b705e8112bbd", size = 5045332, upload-time = "2025-09-14T22:16:10.444Z" },
    { url = "https://files.pythonhosted.org/packages/b3/87/d3ee185e3d1aa0133399893697ae91f221fda79deb61adbe998a7235c43f/zstandard-0.25.0-cp310-cp310-musllinux_1_1_x86_64.whl", hash = "sha256:25f8f3cd45087d089aef5ba3848cd9efe3ad41163d3400862fb42f81a3a46701", size = 5572283, upload-time = "2025-09-14T22:16:12.128Z" },
    { url = "https://files.pythonhosted.org/packages/0a/1d/58635ae6104df96671076ac7d4ae7816838ce7debd94aecf83e30b7121b0/zstandard-0.25.0-cp310-cp310-musllinux_1_2_aarch64.whl", hash = "sha256:3756b3e9da9b83da1796f8809dd57cb024f838b9eeafde28f3cb472012797ac1", size = 4959754, upload-time = "2025-09-14T22:16:14.225Z" },
    { url = "https://files.pythonhosted.org/packages/75/d6/57e9cb0a9983e9a229dd8fd2e6e96593ef2aa82a3907188436f22b111ccd/zstandard-0.25.0-cp310-cp310-musllinux_1_2_i686.whl", hash = "sha256:81dad8d145d8fd981b2962b686b2241d3a1ea07733e76a2f15435dfb7fb60150", size = 5266477, upload-time = "2025-09-14T22:16:16.343Z" },
    { url = "https://files.pythonhosted.org/packages/d1/a9/ee891e5edf33a6ebce0a028726f0bbd8567effe20fe3d5808c42323e8542/zstandard-0.25.0-cp310-cp310-musllinux_1_2_ppc64le.whl", hash = "sha256:a5a419712cf88862a45a23def0ae063686db3d324cec7edbe40509d1a79a0aab", size = 5440914, upload-time = "2025-09-14T22:16:18.453Z" },
    { url = "https://files.pythonhosted.org/packages/58/08/a8522c28c08031a9521f27abc6f78dbdee7312a7463dd2cfc658b813323b/zstandard-0.25.0-cp310-cp310-musllinux_1_2_s390x.whl", hash = "sha256:e7360eae90809efd19b886e59a09dad07da4ca9ba096752e61a2e03c8aca188e", size = 5819847, upload-time = "2025-09-14T22:16:20.559Z" },
    { url = "https://files.pythonhosted.org/packages/6f/11/4c91411805c3f7b6f31c60e78ce347ca48f6f16d552fc659af6ec3b73202/zstandard-0.25.0-cp310-cp310-musllinux_1_2_x86_64.whl", hash = "sha256:75ffc32a569fb049499e63ce68c743155477610532da1eb38e7f24bf7cd29e74", size = 5363131, upload-time = "2025-09-14T22:16:22.206Z" },
]